
Microsoft Visual Studio Solution File, Format Version 12.00
# Visual Studio Version 16
VisualStudioVersion = 16.0.29613.14
MinimumVisualStudioVersion = 10.0.40219.1
Project("{9A19103F-16F7-4668-BE54-9A1E7A4F7556}") = "Lab_01_HelloWorld", "Lab_01_HelloWorld\Lab_01_HelloWorld.csproj", "{6EE9CBC2-45F5-4D94-958F-F826802192DA}"
EndProject
Project("{FAE04EC0-301F-11D3-BF4B-00C04F79EFBC}") = "Lab_02_ildasm", "Lab_02_ildasm\Lab_02_ildasm.csproj", "{02D9E027-EC0A-4540-B97D-F3ED30ED017E}"
EndProject
Project("{9A19103F-16F7-4668-BE54-9A1E7A4F7556}") = "Lab_03_Use_Library", "Lab_03_Library\Lab_03_Use_Library.csproj", "{2110F90E-F32A-4489-A1C2-9EF2E7CFD30D}"
EndProject
Project("{9A19103F-16F7-4668-BE54-9A1E7A4F7556}") = "Lab_03_Library_Files", "Lab_03_Library_Files\Lab_03_Library_Files.csproj", "{479EA528-C980-446D-9D99-3BB5B33C65E5}"
EndProject
Project("{9A19103F-16F7-4668-BE54-9A1E7A4F7556}") = "Lab_04_Debugging", "Lab_04_Debugging\Lab_04_Debugging.csproj", "{E1C82001-1D8E-4B0E-B34D-9C7EA8DB2067}"
EndProject
Project("{FAE04EC0-301F-11D3-BF4B-00C04F79EFBC}") = "Lab_05_LogToEventViewer", "Lab_05_LogToEventViewer\Lab_05_LogToEventViewer.csproj", "{FE53BB90-8EBC-4232-A060-57429B2A7CA2}"
EndProject
Project("{9A19103F-16F7-4668-BE54-9A1E7A4F7556}") = "Lab_06_ConditionalCompiling", "Lab_06_ConditionalCompiling\Lab_06_ConditionalCompiling.csproj", "{08D1EB03-9FD0-4EDF-A8E8-392C6AFD2AD9}"
EndProject
Project("{9A19103F-16F7-4668-BE54-9A1E7A4F7556}") = "Lab_07_Args_Array", "Lab_07_Args_Array\Lab_07_Args_Array.csproj", "{DD480E18-A848-47B2-B51E-2244F6890D70}"
EndProject
Project("{9A19103F-16F7-4668-BE54-9A1E7A4F7556}") = "Lab_08_Literal_Objects", "Lab_08_Literal_Objects\Lab_08_Literal_Objects.csproj", "{8FCCAF90-D9A9-42CD-B3AD-CF109F4934C7}"
EndProject
Project("{9A19103F-16F7-4668-BE54-9A1E7A4F7556}") = "Lab_09_OOPIntro", "Lab_09_OOPIntro\Lab_09_OOPIntro.csproj", "{D26F60D0-14D8-48A9-B6C4-4BB95CAE64E8}"
EndProject
Project("{9A19103F-16F7-4668-BE54-9A1E7A4F7556}") = "Lab_10_Methods", "Lab_10_Methods\Lab_10_Methods.csproj", "{8D3D7CB1-DEB6-4E6D-A681-A8FE77DC55D6}"
EndProject
Project("{9A19103F-16F7-4668-BE54-9A1E7A4F7556}") = "Lab_11_Methods", "Lab_11_Methods\Lab_11_Methods.csproj", "{63C5C706-12D7-4721-B07C-9C1C3E39C43A}"
EndProject
Project("{9A19103F-16F7-4668-BE54-9A1E7A4F7556}") = "Lab_12_Properties", "Lab_12_Properties\Lab_12_Properties.csproj", "{3F7AF9E6-A088-4555-A722-CB390AB4D36D}"
EndProject
Project("{9A19103F-16F7-4668-BE54-9A1E7A4F7556}") = "Lab_13_Polymorphism", "Lab_13_Polymorphism\Lab_13_Polymorphism.csproj", "{60A29E52-D9FF-434D-A44F-8BDE8EFDC00F}"
EndProject
Project("{9A19103F-16F7-4668-BE54-9A1E7A4F7556}") = "Lab_14_AbstractClass_", "Lab_14_AbstractClass_\Lab_14_AbstractClass_.csproj", "{CB3EBC47-EB7E-46DB-A809-465C4D796674}"
EndProject
Project("{9A19103F-16F7-4668-BE54-9A1E7A4F7556}") = "Lab_15_Namespace", "Lab_15_Namespace\Lab_15_Namespace.csproj", "{BE73A955-08B2-438C-B676-71E6F466F4AB}"
EndProject
Project("{9A19103F-16F7-4668-BE54-9A1E7A4F7556}") = "Lab_16_AccessModifiers", "Lab_16_AccessModifiers\Lab_16_AccessModifiers.csproj", "{D3FC19DD-2B26-423C-95C5-3274A9730E19}"
EndProject
Project("{9A19103F-16F7-4668-BE54-9A1E7A4F7556}") = "Lab_18_Loops", "Lab_18_Loops\Lab_18_Loops.csproj", "{5F9DAFCA-3E29-4362-A419-CC3157F8DFDC}"
EndProject
Project("{9A19103F-16F7-4668-BE54-9A1E7A4F7556}") = "Lab_20_ListQueueStack", "Lab_20_ListQueueStack\Lab_20_ListQueueStack.csproj", "{8EAABF0C-2AC4-4F0A-9294-C04D4E01EA8C}"
EndProject
Project("{9A19103F-16F7-4668-BE54-9A1E7A4F7556}") = "Lab_19_Collections", "Lab_19_Collections\Lab_19_Collections.csproj", "{2E0F2A01-3149-469A-8B00-706076AED0B3}"
EndProject
Project("{9A19103F-16F7-4668-BE54-9A1E7A4F7556}") = "Lab_17_ValueReferenceType", "Labs_17_ValueReferenceType\Lab_17_ValueReferenceType.csproj", "{CDDC21E6-DCE4-46A1-AB18-6B0D0B771088}"
EndProject
Project("{9A19103F-16F7-4668-BE54-9A1E7A4F7556}") = "Lab_21_Exceptions", "Lab_21_Exceptions\Lab_21_Exceptions.csproj", "{829C74B4-B532-4427-8893-52AE1467FEDA}"
EndProject
Project("{9A19103F-16F7-4668-BE54-9A1E7A4F7556}") = "Lab22_ThrowException", "Lab22_ThrowException\Lab22_ThrowException.csproj", "{21775E94-5FE9-453F-A0A8-EE162C4644B4}"
EndProject
Project("{9A19103F-16F7-4668-BE54-9A1E7A4F7556}") = "Lab_23_Rabbits", "Lab_23_Rabbits\Lab_23_Rabbits.csproj", "{FF8D6573-B448-457A-82D5-CF69684CEE64}"
EndProject
Project("{9A19103F-16F7-4668-BE54-9A1E7A4F7556}") = "Lab_24_variables", "Lab_24_variables\Lab_24_variables.csproj", "{B54E215A-5B22-4964-8873-9E47FD299F13}"
EndProject
Project("{FAE04EC0-301F-11D3-BF4B-00C04F79EFBC}") = "Rabbits", "Rabbits\Rabbits.csproj", "{4AEBAB48-B6E1-4B41-801F-6AA8C8F6F560}"
EndProject
Project("{FAE04EC0-301F-11D3-BF4B-00C04F79EFBC}") = "Lab_25_TestDatabase", "Lab_25_TestDatabase\Lab_25_TestDatabase.csproj", "{F4F7802C-0C50-4B63-A6D4-5DB8585C9796}"
EndProject
Project("{FAE04EC0-301F-11D3-BF4B-00C04F79EFBC}") = "Lab_25b_RabbitsDatabase", "Lab_25b_RabbitsDatabase\Lab_25b_RabbitsDatabase.csproj", "{CA6573D0-6B55-42D3-96ED-F1D660133CF6}"
EndProject
Project("{9A19103F-16F7-4668-BE54-9A1E7A4F7556}") = "Lab_26_NUNIT_Tests", "Lab_26_NUNIT_Tests\Lab_26_NUNIT_Tests.csproj", "{5B2E880A-F864-4A28-A9F4-B3F956066744}"
EndProject
Project("{9A19103F-16F7-4668-BE54-9A1E7A4F7556}") = "Lab_27_TestEdition", "Lab_27_TestEdition\Lab_27_TestEdition.csproj", "{5D6C48F2-42CB-4EDF-A58A-954F1D8615F1}"
EndProject
Project("{FAE04EC0-301F-11D3-BF4B-00C04F79EFBC}") = "Lab_28_TestPractice", "Lab_28_TestPractice\Lab_28_TestPractice.csproj", "{517C6B57-6A40-4C69-B40E-D87E1ABC3597}"
EndProject
Project("{FAE04EC0-301F-11D3-BF4B-00C04F79EFBC}") = "Lab_29_VariablesContinued", "Lab_29_VariablesContinued\Lab_29_VariablesContinued.csproj", "{EB6CB0C4-AA62-4EAB-9D85-B5CF90E0DD1C}"
EndProject
Project("{FAE04EC0-301F-11D3-BF4B-00C04F79EFBC}") = "Lab_30_StopwatchDateTime", "Lab_30_StopwatchDateTime\Lab_30_StopwatchDateTime.csproj", "{B78206E0-DAE1-42AB-8E0A-BB21E535B5C2}"
EndProject
Project("{FAE04EC0-301F-11D3-BF4B-00C04F79EFBC}") = "Lab_31_Enum", "Lab_31_Enum\Lab_31_Enum.csproj", "{6AEDFEA4-E859-480E-844E-9067BE2AA2BA}"
EndProject
Project("{FAE04EC0-301F-11D3-BF4B-00C04F79EFBC}") = "Lab_32_VariablesFinal", "Lab_32_VariablesFinal\Lab_32_VariablesFinal.csproj", "{A75F2EDB-B9F1-49F6-A326-B55151C3F76B}"
EndProject
Project("{FAE04EC0-301F-11D3-BF4B-00C04F79EFBC}") = "Lab_33_RabbitsAdvanced", "Lab_33_RabbitsAdvanced\Lab_33_RabbitsAdvanced.csproj", "{D9F7DDB7-CB2D-4197-8665-3B2E1E3F54B8}"
EndProject
Project("{FAE04EC0-301F-11D3-BF4B-00C04F79EFBC}") = "Lab_34_Tuples", "Lab_34_Tuples\Lab_34_Tuples.csproj", "{743B4C56-B857-4797-80E3-6CDBF1027621}"
EndProject
Global
	GlobalSection(SolutionConfigurationPlatforms) = preSolution
		Debug|Any CPU = Debug|Any CPU
		Release|Any CPU = Release|Any CPU
	EndGlobalSection
	GlobalSection(ProjectConfigurationPlatforms) = postSolution
		{6EE9CBC2-45F5-4D94-958F-F826802192DA}.Debug|Any CPU.ActiveCfg = Debug|Any CPU
		{6EE9CBC2-45F5-4D94-958F-F826802192DA}.Debug|Any CPU.Build.0 = Debug|Any CPU
		{6EE9CBC2-45F5-4D94-958F-F826802192DA}.Release|Any CPU.ActiveCfg = Release|Any CPU
		{6EE9CBC2-45F5-4D94-958F-F826802192DA}.Release|Any CPU.Build.0 = Release|Any CPU
		{02D9E027-EC0A-4540-B97D-F3ED30ED017E}.Debug|Any CPU.ActiveCfg = Debug|Any CPU
		{02D9E027-EC0A-4540-B97D-F3ED30ED017E}.Debug|Any CPU.Build.0 = Debug|Any CPU
		{02D9E027-EC0A-4540-B97D-F3ED30ED017E}.Release|Any CPU.ActiveCfg = Release|Any CPU
		{02D9E027-EC0A-4540-B97D-F3ED30ED017E}.Release|Any CPU.Build.0 = Release|Any CPU
		{2110F90E-F32A-4489-A1C2-9EF2E7CFD30D}.Debug|Any CPU.ActiveCfg = Debug|Any CPU
		{2110F90E-F32A-4489-A1C2-9EF2E7CFD30D}.Debug|Any CPU.Build.0 = Debug|Any CPU
		{2110F90E-F32A-4489-A1C2-9EF2E7CFD30D}.Release|Any CPU.ActiveCfg = Release|Any CPU
		{2110F90E-F32A-4489-A1C2-9EF2E7CFD30D}.Release|Any CPU.Build.0 = Release|Any CPU
		{479EA528-C980-446D-9D99-3BB5B33C65E5}.Debug|Any CPU.ActiveCfg = Debug|Any CPU
		{479EA528-C980-446D-9D99-3BB5B33C65E5}.Debug|Any CPU.Build.0 = Debug|Any CPU
		{479EA528-C980-446D-9D99-3BB5B33C65E5}.Release|Any CPU.ActiveCfg = Release|Any CPU
		{479EA528-C980-446D-9D99-3BB5B33C65E5}.Release|Any CPU.Build.0 = Release|Any CPU
		{E1C82001-1D8E-4B0E-B34D-9C7EA8DB2067}.Debug|Any CPU.ActiveCfg = Release|Any CPU
		{E1C82001-1D8E-4B0E-B34D-9C7EA8DB2067}.Debug|Any CPU.Build.0 = Release|Any CPU
		{E1C82001-1D8E-4B0E-B34D-9C7EA8DB2067}.Release|Any CPU.ActiveCfg = Release|Any CPU
		{E1C82001-1D8E-4B0E-B34D-9C7EA8DB2067}.Release|Any CPU.Build.0 = Release|Any CPU
		{FE53BB90-8EBC-4232-A060-57429B2A7CA2}.Debug|Any CPU.ActiveCfg = Debug|Any CPU
		{FE53BB90-8EBC-4232-A060-57429B2A7CA2}.Debug|Any CPU.Build.0 = Debug|Any CPU
		{FE53BB90-8EBC-4232-A060-57429B2A7CA2}.Release|Any CPU.ActiveCfg = Release|Any CPU
		{FE53BB90-8EBC-4232-A060-57429B2A7CA2}.Release|Any CPU.Build.0 = Release|Any CPU
		{08D1EB03-9FD0-4EDF-A8E8-392C6AFD2AD9}.Debug|Any CPU.ActiveCfg = Debug|Any CPU
		{08D1EB03-9FD0-4EDF-A8E8-392C6AFD2AD9}.Debug|Any CPU.Build.0 = Debug|Any CPU
		{08D1EB03-9FD0-4EDF-A8E8-392C6AFD2AD9}.Release|Any CPU.ActiveCfg = Release|Any CPU
		{08D1EB03-9FD0-4EDF-A8E8-392C6AFD2AD9}.Release|Any CPU.Build.0 = Release|Any CPU
		{DD480E18-A848-47B2-B51E-2244F6890D70}.Debug|Any CPU.ActiveCfg = Debug|Any CPU
		{DD480E18-A848-47B2-B51E-2244F6890D70}.Debug|Any CPU.Build.0 = Debug|Any CPU
		{DD480E18-A848-47B2-B51E-2244F6890D70}.Release|Any CPU.ActiveCfg = Release|Any CPU
		{DD480E18-A848-47B2-B51E-2244F6890D70}.Release|Any CPU.Build.0 = Release|Any CPU
		{8FCCAF90-D9A9-42CD-B3AD-CF109F4934C7}.Debug|Any CPU.ActiveCfg = Debug|Any CPU
		{8FCCAF90-D9A9-42CD-B3AD-CF109F4934C7}.Debug|Any CPU.Build.0 = Debug|Any CPU
		{8FCCAF90-D9A9-42CD-B3AD-CF109F4934C7}.Release|Any CPU.ActiveCfg = Release|Any CPU
		{8FCCAF90-D9A9-42CD-B3AD-CF109F4934C7}.Release|Any CPU.Build.0 = Release|Any CPU
		{D26F60D0-14D8-48A9-B6C4-4BB95CAE64E8}.Debug|Any CPU.ActiveCfg = Debug|Any CPU
		{D26F60D0-14D8-48A9-B6C4-4BB95CAE64E8}.Debug|Any CPU.Build.0 = Debug|Any CPU
		{D26F60D0-14D8-48A9-B6C4-4BB95CAE64E8}.Release|Any CPU.ActiveCfg = Release|Any CPU
		{D26F60D0-14D8-48A9-B6C4-4BB95CAE64E8}.Release|Any CPU.Build.0 = Release|Any CPU
		{8D3D7CB1-DEB6-4E6D-A681-A8FE77DC55D6}.Debug|Any CPU.ActiveCfg = Debug|Any CPU
		{8D3D7CB1-DEB6-4E6D-A681-A8FE77DC55D6}.Debug|Any CPU.Build.0 = Debug|Any CPU
		{8D3D7CB1-DEB6-4E6D-A681-A8FE77DC55D6}.Release|Any CPU.ActiveCfg = Release|Any CPU
		{8D3D7CB1-DEB6-4E6D-A681-A8FE77DC55D6}.Release|Any CPU.Build.0 = Release|Any CPU
		{63C5C706-12D7-4721-B07C-9C1C3E39C43A}.Debug|Any CPU.ActiveCfg = Debug|Any CPU
		{63C5C706-12D7-4721-B07C-9C1C3E39C43A}.Debug|Any CPU.Build.0 = Debug|Any CPU
		{63C5C706-12D7-4721-B07C-9C1C3E39C43A}.Release|Any CPU.ActiveCfg = Release|Any CPU
		{63C5C706-12D7-4721-B07C-9C1C3E39C43A}.Release|Any CPU.Build.0 = Release|Any CPU
		{3F7AF9E6-A088-4555-A722-CB390AB4D36D}.Debug|Any CPU.ActiveCfg = Debug|Any CPU
		{3F7AF9E6-A088-4555-A722-CB390AB4D36D}.Debug|Any CPU.Build.0 = Debug|Any CPU
		{3F7AF9E6-A088-4555-A722-CB390AB4D36D}.Release|Any CPU.ActiveCfg = Release|Any CPU
		{3F7AF9E6-A088-4555-A722-CB390AB4D36D}.Release|Any CPU.Build.0 = Release|Any CPU
		{60A29E52-D9FF-434D-A44F-8BDE8EFDC00F}.Debug|Any CPU.ActiveCfg = Debug|Any CPU
		{60A29E52-D9FF-434D-A44F-8BDE8EFDC00F}.Debug|Any CPU.Build.0 = Debug|Any CPU
		{60A29E52-D9FF-434D-A44F-8BDE8EFDC00F}.Release|Any CPU.ActiveCfg = Release|Any CPU
		{60A29E52-D9FF-434D-A44F-8BDE8EFDC00F}.Release|Any CPU.Build.0 = Release|Any CPU
		{CB3EBC47-EB7E-46DB-A809-465C4D796674}.Debug|Any CPU.ActiveCfg = Debug|Any CPU
		{CB3EBC47-EB7E-46DB-A809-465C4D796674}.Debug|Any CPU.Build.0 = Debug|Any CPU
		{CB3EBC47-EB7E-46DB-A809-465C4D796674}.Release|Any CPU.ActiveCfg = Release|Any CPU
		{CB3EBC47-EB7E-46DB-A809-465C4D796674}.Release|Any CPU.Build.0 = Release|Any CPU
		{BE73A955-08B2-438C-B676-71E6F466F4AB}.Debug|Any CPU.ActiveCfg = Debug|Any CPU
		{BE73A955-08B2-438C-B676-71E6F466F4AB}.Debug|Any CPU.Build.0 = Debug|Any CPU
		{BE73A955-08B2-438C-B676-71E6F466F4AB}.Release|Any CPU.ActiveCfg = Release|Any CPU
		{BE73A955-08B2-438C-B676-71E6F466F4AB}.Release|Any CPU.Build.0 = Release|Any CPU
		{D3FC19DD-2B26-423C-95C5-3274A9730E19}.Debug|Any CPU.ActiveCfg = Debug|Any CPU
		{D3FC19DD-2B26-423C-95C5-3274A9730E19}.Debug|Any CPU.Build.0 = Debug|Any CPU
		{D3FC19DD-2B26-423C-95C5-3274A9730E19}.Release|Any CPU.ActiveCfg = Release|Any CPU
		{D3FC19DD-2B26-423C-95C5-3274A9730E19}.Release|Any CPU.Build.0 = Release|Any CPU
		{5F9DAFCA-3E29-4362-A419-CC3157F8DFDC}.Debug|Any CPU.ActiveCfg = Debug|Any CPU
		{5F9DAFCA-3E29-4362-A419-CC3157F8DFDC}.Debug|Any CPU.Build.0 = Debug|Any CPU
		{5F9DAFCA-3E29-4362-A419-CC3157F8DFDC}.Release|Any CPU.ActiveCfg = Release|Any CPU
		{5F9DAFCA-3E29-4362-A419-CC3157F8DFDC}.Release|Any CPU.Build.0 = Release|Any CPU
		{8EAABF0C-2AC4-4F0A-9294-C04D4E01EA8C}.Debug|Any CPU.ActiveCfg = Debug|Any CPU
		{8EAABF0C-2AC4-4F0A-9294-C04D4E01EA8C}.Debug|Any CPU.Build.0 = Debug|Any CPU
		{8EAABF0C-2AC4-4F0A-9294-C04D4E01EA8C}.Release|Any CPU.ActiveCfg = Release|Any CPU
		{8EAABF0C-2AC4-4F0A-9294-C04D4E01EA8C}.Release|Any CPU.Build.0 = Release|Any CPU
		{2E0F2A01-3149-469A-8B00-706076AED0B3}.Debug|Any CPU.ActiveCfg = Debug|Any CPU
		{2E0F2A01-3149-469A-8B00-706076AED0B3}.Debug|Any CPU.Build.0 = Debug|Any CPU
		{2E0F2A01-3149-469A-8B00-706076AED0B3}.Release|Any CPU.ActiveCfg = Release|Any CPU
		{2E0F2A01-3149-469A-8B00-706076AED0B3}.Release|Any CPU.Build.0 = Release|Any CPU
		{CDDC21E6-DCE4-46A1-AB18-6B0D0B771088}.Debug|Any CPU.ActiveCfg = Debug|Any CPU
		{CDDC21E6-DCE4-46A1-AB18-6B0D0B771088}.Debug|Any CPU.Build.0 = Debug|Any CPU
		{CDDC21E6-DCE4-46A1-AB18-6B0D0B771088}.Release|Any CPU.ActiveCfg = Release|Any CPU
		{CDDC21E6-DCE4-46A1-AB18-6B0D0B771088}.Release|Any CPU.Build.0 = Release|Any CPU
		{829C74B4-B532-4427-8893-52AE1467FEDA}.Debug|Any CPU.ActiveCfg = Debug|Any CPU
		{829C74B4-B532-4427-8893-52AE1467FEDA}.Debug|Any CPU.Build.0 = Debug|Any CPU
		{829C74B4-B532-4427-8893-52AE1467FEDA}.Release|Any CPU.ActiveCfg = Release|Any CPU
		{829C74B4-B532-4427-8893-52AE1467FEDA}.Release|Any CPU.Build.0 = Release|Any CPU
		{21775E94-5FE9-453F-A0A8-EE162C4644B4}.Debug|Any CPU.ActiveCfg = Debug|Any CPU
		{21775E94-5FE9-453F-A0A8-EE162C4644B4}.Debug|Any CPU.Build.0 = Debug|Any CPU
		{21775E94-5FE9-453F-A0A8-EE162C4644B4}.Release|Any CPU.ActiveCfg = Release|Any CPU
		{21775E94-5FE9-453F-A0A8-EE162C4644B4}.Release|Any CPU.Build.0 = Release|Any CPU
		{FF8D6573-B448-457A-82D5-CF69684CEE64}.Debug|Any CPU.ActiveCfg = Debug|Any CPU
		{FF8D6573-B448-457A-82D5-CF69684CEE64}.Debug|Any CPU.Build.0 = Debug|Any CPU
		{FF8D6573-B448-457A-82D5-CF69684CEE64}.Release|Any CPU.ActiveCfg = Release|Any CPU
		{FF8D6573-B448-457A-82D5-CF69684CEE64}.Release|Any CPU.Build.0 = Release|Any CPU
		{B54E215A-5B22-4964-8873-9E47FD299F13}.Debug|Any CPU.ActiveCfg = Debug|Any CPU
		{B54E215A-5B22-4964-8873-9E47FD299F13}.Debug|Any CPU.Build.0 = Debug|Any CPU
		{B54E215A-5B22-4964-8873-9E47FD299F13}.Release|Any CPU.ActiveCfg = Release|Any CPU
		{B54E215A-5B22-4964-8873-9E47FD299F13}.Release|Any CPU.Build.0 = Release|Any CPU
		{4AEBAB48-B6E1-4B41-801F-6AA8C8F6F560}.Debug|Any CPU.ActiveCfg = Debug|Any CPU
		{4AEBAB48-B6E1-4B41-801F-6AA8C8F6F560}.Debug|Any CPU.Build.0 = Debug|Any CPU
		{4AEBAB48-B6E1-4B41-801F-6AA8C8F6F560}.Release|Any CPU.ActiveCfg = Release|Any CPU
		{4AEBAB48-B6E1-4B41-801F-6AA8C8F6F560}.Release|Any CPU.Build.0 = Release|Any CPU
		{F4F7802C-0C50-4B63-A6D4-5DB8585C9796}.Debug|Any CPU.ActiveCfg = Debug|Any CPU
		{F4F7802C-0C50-4B63-A6D4-5DB8585C9796}.Debug|Any CPU.Build.0 = Debug|Any CPU
		{F4F7802C-0C50-4B63-A6D4-5DB8585C9796}.Release|Any CPU.ActiveCfg = Release|Any CPU
		{F4F7802C-0C50-4B63-A6D4-5DB8585C9796}.Release|Any CPU.Build.0 = Release|Any CPU
		{CA6573D0-6B55-42D3-96ED-F1D660133CF6}.Debug|Any CPU.ActiveCfg = Debug|Any CPU
		{CA6573D0-6B55-42D3-96ED-F1D660133CF6}.Debug|Any CPU.Build.0 = Debug|Any CPU
		{CA6573D0-6B55-42D3-96ED-F1D660133CF6}.Release|Any CPU.ActiveCfg = Release|Any CPU
		{CA6573D0-6B55-42D3-96ED-F1D660133CF6}.Release|Any CPU.Build.0 = Release|Any CPU
		{5B2E880A-F864-4A28-A9F4-B3F956066744}.Debug|Any CPU.ActiveCfg = Debug|Any CPU
		{5B2E880A-F864-4A28-A9F4-B3F956066744}.Debug|Any CPU.Build.0 = Debug|Any CPU
		{5B2E880A-F864-4A28-A9F4-B3F956066744}.Release|Any CPU.ActiveCfg = Release|Any CPU
		{5B2E880A-F864-4A28-A9F4-B3F956066744}.Release|Any CPU.Build.0 = Release|Any CPU
		{5D6C48F2-42CB-4EDF-A58A-954F1D8615F1}.Debug|Any CPU.ActiveCfg = Debug|Any CPU
		{5D6C48F2-42CB-4EDF-A58A-954F1D8615F1}.Debug|Any CPU.Build.0 = Debug|Any CPU
		{5D6C48F2-42CB-4EDF-A58A-954F1D8615F1}.Release|Any CPU.ActiveCfg = Release|Any CPU
		{5D6C48F2-42CB-4EDF-A58A-954F1D8615F1}.Release|Any CPU.Build.0 = Release|Any CPU
		{517C6B57-6A40-4C69-B40E-D87E1ABC3597}.Debug|Any CPU.ActiveCfg = Debug|Any CPU
		{517C6B57-6A40-4C69-B40E-D87E1ABC3597}.Debug|Any CPU.Build.0 = Debug|Any CPU
		{517C6B57-6A40-4C69-B40E-D87E1ABC3597}.Release|Any CPU.ActiveCfg = Release|Any CPU
		{517C6B57-6A40-4C69-B40E-D87E1ABC3597}.Release|Any CPU.Build.0 = Release|Any CPU
		{EB6CB0C4-AA62-4EAB-9D85-B5CF90E0DD1C}.Debug|Any CPU.ActiveCfg = Debug|Any CPU
		{EB6CB0C4-AA62-4EAB-9D85-B5CF90E0DD1C}.Debug|Any CPU.Build.0 = Debug|Any CPU
		{EB6CB0C4-AA62-4EAB-9D85-B5CF90E0DD1C}.Release|Any CPU.ActiveCfg = Release|Any CPU
		{EB6CB0C4-AA62-4EAB-9D85-B5CF90E0DD1C}.Release|Any CPU.Build.0 = Release|Any CPU
		{B78206E0-DAE1-42AB-8E0A-BB21E535B5C2}.Debug|Any CPU.ActiveCfg = Debug|Any CPU
		{B78206E0-DAE1-42AB-8E0A-BB21E535B5C2}.Debug|Any CPU.Build.0 = Debug|Any CPU
		{B78206E0-DAE1-42AB-8E0A-BB21E535B5C2}.Release|Any CPU.ActiveCfg = Release|Any CPU
		{B78206E0-DAE1-42AB-8E0A-BB21E535B5C2}.Release|Any CPU.Build.0 = Release|Any CPU
		{6AEDFEA4-E859-480E-844E-9067BE2AA2BA}.Debug|Any CPU.ActiveCfg = Debug|Any CPU
		{6AEDFEA4-E859-480E-844E-9067BE2AA2BA}.Debug|Any CPU.Build.0 = Debug|Any CPU
		{6AEDFEA4-E859-480E-844E-9067BE2AA2BA}.Release|Any CPU.ActiveCfg = Release|Any CPU
		{6AEDFEA4-E859-480E-844E-9067BE2AA2BA}.Release|Any CPU.Build.0 = Release|Any CPU
		{A75F2EDB-B9F1-49F6-A326-B55151C3F76B}.Debug|Any CPU.ActiveCfg = Debug|Any CPU
		{A75F2EDB-B9F1-49F6-A326-B55151C3F76B}.Debug|Any CPU.Build.0 = Debug|Any CPU
		{A75F2EDB-B9F1-49F6-A326-B55151C3F76B}.Release|Any CPU.ActiveCfg = Release|Any CPU
		{A75F2EDB-B9F1-49F6-A326-B55151C3F76B}.Release|Any CPU.Build.0 = Release|Any CPU
		{D9F7DDB7-CB2D-4197-8665-3B2E1E3F54B8}.Debug|Any CPU.ActiveCfg = Debug|Any CPU
		{D9F7DDB7-CB2D-4197-8665-3B2E1E3F54B8}.Debug|Any CPU.Build.0 = Debug|Any CPU
		{D9F7DDB7-CB2D-4197-8665-3B2E1E3F54B8}.Release|Any CPU.ActiveCfg = Release|Any CPU
		{D9F7DDB7-CB2D-4197-8665-3B2E1E3F54B8}.Release|Any CPU.Build.0 = Release|Any CPU
		{743B4C56-B857-4797-80E3-6CDBF1027621}.Debug|Any CPU.ActiveCfg = Debug|Any CPU
		{743B4C56-B857-4797-80E3-6CDBF1027621}.Debug|Any CPU.Build.0 = Debug|Any CPU
		{743B4C56-B857-4797-80E3-6CDBF1027621}.Release|Any CPU.ActiveCfg = Release|Any CPU
		{743B4C56-B857-4797-80E3-6CDBF1027621}.Release|Any CPU.Build.0 = Release|Any CPU
	EndGlobalSection
	GlobalSection(SolutionProperties) = preSolution
		HideSolutionNode = FALSE
	EndGlobalSection
	GlobalSection(ExtensibilityGlobals) = postSolution
		SolutionGuid = {DFF2CAA0-43A0-4D5C-BB20-38F1E84364F2}
	EndGlobalSection
EndGlobal
